
Microsoft Visual Studio Solution File, Format Version 12.00
# Visual Studio 15
VisualStudioVersion = 15.0.28010.2046
MinimumVisualStudioVersion = 10.0.40219.1
Project("{2150E333-8FDC-42A3-9474-1A3956D46DE8}") = "Tests", "Tests", "{1B895287-AEC9-4633-83C8-20B235D02396}"
EndProject
Project("{FAE04EC0-301F-11D3-BF4B-00C04F79EFBC}") = "Foodmaster.API", "Foodmaster.API\Foodmaster.API.csproj", "{8A718240-F34F-4B84-A5ED-B9A89FAB2510}"
EndProject
Project("{FAE04EC0-301F-11D3-BF4B-00C04F79EFBC}") = "FoodMaster.Common", "FoodMaster.Common\FoodMaster.Common.csproj", "{E0044FE7-D2BE-4EDF-9647-23EF9C58EA78}"
EndProject
Project("{FAE04EC0-301F-11D3-BF4B-00C04F79EFBC}") = "FoodMaster.Model", "FoodMaster.Model\FoodMaster.Model.csproj", "{EEC654C6-ABB3-4AE4-A132-95D9264F9BC9}"
EndProject
Project("{FAE04EC0-301F-11D3-BF4B-00C04F79EFBC}") = "FoodMaster.UnitTests", "FoodMaster.UnitTests\FoodMaster.UnitTests.csproj", "{F866ED52-2AE1-4CD5-A810-6E25E198FBBE}"
EndProject
Project("{FAE04EC0-301F-11D3-BF4B-00C04F79EFBC}") = "FoodMaster.APITests", "FoodMaster.APITests\FoodMaster.APITests.csproj", "{73A7DF7D-01F3-4B97-81F5-206E29CE77E4}"
EndProject
Global
	GlobalSection(SolutionConfigurationPlatforms) = preSolution
		Debug|Any CPU = Debug|Any CPU
		Release|Any CPU = Release|Any CPU
	EndGlobalSection
	GlobalSection(ProjectConfigurationPlatforms) = postSolution
		{8A718240-F34F-4B84-A5ED-B9A89FAB2510}.Debug|Any CPU.ActiveCfg = Debug|Any CPU
		{8A718240-F34F-4B84-A5ED-B9A89FAB2510}.Debug|Any CPU.Build.0 = Debug|Any CPU
		{8A718240-F34F-4B84-A5ED-B9A89FAB2510}.Release|Any CPU.ActiveCfg = Release|Any CPU
		{8A718240-F34F-4B84-A5ED-B9A89FAB2510}.Release|Any CPU.Build.0 = Release|Any CPU
		{E0044FE7-D2BE-4EDF-9647-23EF9C58EA78}.Debug|Any CPU.ActiveCfg = Debug|Any CPU
		{E0044FE7-D2BE-4EDF-9647-23EF9C58EA78}.Debug|Any CPU.Build.0 = Debug|Any CPU
		{E0044FE7-D2BE-4EDF-9647-23EF9C58EA78}.Release|Any CPU.ActiveCfg = Release|Any CPU
		{E0044FE7-D2BE-4EDF-9647-23EF9C58EA78}.Release|Any CPU.Build.0 = Release|Any CPU
		{EEC654C6-ABB3-4AE4-A132-95D9264F9BC9}.Debug|Any CPU.ActiveCfg = Debug|Any CPU
		{EEC654C6-ABB3-4AE4-A132-95D9264F9BC9}.Debug|Any CPU.Build.0 = Debug|Any CPU
		{EEC654C6-ABB3-4AE4-A132-95D9264F9BC9}.Release|Any CPU.ActiveCfg = Release|Any CPU
		{EEC654C6-ABB3-4AE4-A132-95D9264F9BC9}.Release|Any CPU.Build.0 = Release|Any CPU
		{F866ED52-2AE1-4CD5-A810-6E25E198FBBE}.Debug|Any CPU.ActiveCfg = Debug|Any CPU
		{F866ED52-2AE1-4CD5-A810-6E25E198FBBE}.Debug|Any CPU.Build.0 = Debug|Any CPU
		{F866ED52-2AE1-4CD5-A810-6E25E198FBBE}.Release|Any CPU.ActiveCfg = Release|Any CPU
		{F866ED52-2AE1-4CD5-A810-6E25E198FBBE}.Release|Any CPU.Build.0 = Release|Any CPU
		{73A7DF7D-01F3-4B97-81F5-206E29CE77E4}.Debug|Any CPU.ActiveCfg = Debug|Any CPU
		{73A7DF7D-01F3-4B97-81F5-206E29CE77E4}.Debug|Any CPU.Build.0 = Debug|Any CPU
		{73A7DF7D-01F3-4B97-81F5-206E29CE77E4}.Release|Any CPU.ActiveCfg = Release|Any CPU
		{73A7DF7D-01F3-4B97-81F5-206E29CE77E4}.Release|Any CPU.Build.0 = Release|Any CPU
	EndGlobalSection
	GlobalSection(SolutionProperties) = preSolution
		HideSolutionNode = FALSE
	EndGlobalSection
	GlobalSection(NestedProjects) = preSolution
		{F866ED52-2AE1-4CD5-A810-6E25E198FBBE} = {1B895287-AEC9-4633-83C8-20B235D02396}
		{73A7DF7D-01F3-4B97-81F5-206E29CE77E4} = {1B895287-AEC9-4633-83C8-20B235D02396}
	EndGlobalSection
	GlobalSection(ExtensibilityGlobals) = postSolution
		SolutionGuid = {7CA3160E-36BD-4A30-9D02-2984FA05E1EB}
	EndGlobalSection
EndGlobal
